# This file was autogenerated by Stack.
# You should not edit this file by hand.
# For more information, please see the documentation at:
#   https://docs.haskellstack.org/en/stable/lock_files

packages:
- completed:
    commit: 21adca7da6e378c8e3cc7bb1afa9dd441a721016
    git: https://github.com/ilyakooo0/binary-bits
    name: binary-bits
    pantry-tree:
      sha256: b6f354e26ca7563ad73a3234cd43918ba8edfb5bee7c5e5f8a9173c9109bba66
      size: 907
    version: '0.6'
  original:
    commit: 21adca7da6e378c8e3cc7bb1afa9dd441a721016
    git: https://github.com/ilyakooo0/binary-bits
snapshots:
- completed:
    sha256: 08bd13ce621b41a8f5e51456b38d5b46d7783ce114a50ab604d6bbab0d002146
    size: 720271
    url: https://raw.githubusercontent.com/commercialhaskell/stackage-snapshots/master/lts/22/43.yaml
  original: lts-22.43
