# This file was autogenerated by Stack.
# You should not edit this file by hand.
# For more information, please see the documentation at:
#   https://docs.haskellstack.org/en/stable/lock_files

packages:
- completed:
    commit: 21adca7da6e378c8e3cc7bb1afa9dd441a721016
    git: https://github.com/ilyakooo0/binary-bits
    name: binary-bits
    pantry-tree:
      sha256: b6f354e26ca7563ad73a3234cd43918ba8edfb5bee7c5e5f8a9173c9109bba66
      size: 907
    version: '0.6'
  original:
    commit: 21adca7da6e378c8e3cc7bb1afa9dd441a721016
    git: https://github.com/ilyakooo0/binary-bits
snapshots:
- completed:
    sha256: f4a61482dcad21151331bf84ec85bee9be43965f143791fa4bb202ac1e443e1b
    size: 683833
    url: https://raw.githubusercontent.com/commercialhaskell/stackage-snapshots/master/lts/23/21.yaml
  original: lts-23.21
