# This file was autogenerated by Stack.
# You should not edit this file by hand.
# For more information, please see the documentation at:
#   https://docs.haskellstack.org/en/stable/lock_files

packages:
- completed:
    commit: f58ae476ff50dfc277f8dd603142b7ce864b8e03
    git: https://github.com/ilyakooo0/binary-bits
    name: binary-bits
    pantry-tree:
      sha256: d4886449b9be758d88537eb50a5f9e7c456398c4e1a0b38eb6a2eba07ce71300
      size: 808
    version: '0.6'
  original:
    commit: f58ae476ff50dfc277f8dd603142b7ce864b8e03
    git: https://github.com/ilyakooo0/binary-bits
snapshots:
- completed:
    sha256: 08bd13ce621b41a8f5e51456b38d5b46d7783ce114a50ab604d6bbab0d002146
    size: 720271
    url: https://raw.githubusercontent.com/commercialhaskell/stackage-snapshots/master/lts/22/43.yaml
  original: lts-22.43
